version: 1.0
shards:
  db:
    github: crystal-lang/crystal-db
    version: 0.4.2

  kemal:
    github: kemalcr/kemal
    commit: dbbe05a610e3c86b774a6bc546341329a408fa18

  kemal-session:
    github: kemalcr/kemal-session
    commit: 5353aecb9d6a8aee54a0d3cc9fc50ee540dc6781

  kilt:
    github: jeromegn/kilt
    version: 0.4.0

  mysql:
    github: crystal-lang/crystal-mysql
    version: 0.3.2

  radix:
    github: luislavena/radix
    version: 0.3.8

